
Microsoft Visual Studio Solution File, Format Version 12.00
# Visual Studio Version 17
VisualStudioVersion = 17.11.35327.3
MinimumVisualStudioVersion = 10.0.40219.1
Project("{9A19103F-16F7-4668-BE54-9A1E7A4F7556}") = "StudentManagement", "StudentManagement.csproj", "{C3BB1B70-B159-4873-9AD9-D81D298FFF7C}"
EndProject
Global
	GlobalSection(SolutionConfigurationPlatforms) = preSolution
		Debug|Any CPU = Debug|Any CPU
		Release|Any CPU = Release|Any CPU
	EndGlobalSection
	GlobalSection(ProjectConfigurationPlatforms) = postSolution
		{C3BB1B70-B159-4873-9AD9-D81D298FFF7C}.Debug|Any CPU.ActiveCfg = Debug|Any CPU
		{C3BB1B70-B159-4873-9AD9-D81D298FFF7C}.Debug|Any CPU.Build.0 = Debug|Any CPU
		{C3BB1B70-B159-4873-9AD9-D81D298FFF7C}.Release|Any CPU.ActiveCfg = Release|Any CPU
		{C3BB1B70-B159-4873-9AD9-D81D298FFF7C}.Release|Any CPU.Build.0 = Release|Any CPU
	EndGlobalSection
	GlobalSection(SolutionProperties) = preSolution
		HideSolutionNode = FALSE
	EndGlobalSection
	GlobalSection(ExtensibilityGlobals) = postSolution
		SolutionGuid = {1E2A166A-1B76-46D7-941A-EC6E55C6D406}
	EndGlobalSection
EndGlobal
